// !$*UTF8*$!
{
	archiveVersion = 1;
	classes = {
	};
	objectVersion = 46;
	objects = {

/* Begin PBXBuildFile section */
		18417DAA1E836E7A003682C9 /* main.m in Sources */ = {isa = PBXBuildFile; fileRef = 18417DA91E836E7A003682C9 /* main.m */; };
		18417DAD1E836E7A003682C9 /* AppDelegate.m in Sources */ = {isa = PBXBuildFile; fileRef = 18417DAC1E836E7A003682C9 /* AppDelegate.m */; };
		18417DB01E836E7A003682C9 /* ViewController.m in Sources */ = {isa = PBXBuildFile; fileRef = 18417DAF1E836E7A003682C9 /* ViewController.m */; };
		18417DB31E836E7A003682C9 /* Main.storyboard in Resources */ = {isa = PBXBuildFile; fileRef = 18417DB11E836E7A003682C9 /* Main.storyboard */; };
		18417DB51E836E7A003682C9 /* Assets.xcassets in Resources */ = {isa = PBXBuildFile; fileRef = 18417DB41E836E7A003682C9 /* Assets.xcassets */; };
		18417DB81E836E7A003682C9 /* LaunchScreen.storyboard in Resources */ = {isa = PBXBuildFile; fileRef = 18417DB61E836E7A003682C9 /* LaunchScreen.storyboard */; };
		18417DC11E836E9E003682C9 /* WHBDrawCircleView.m in Sources */ = {isa = PBXBuildFile; fileRef = 18417DC01E836E9E003682C9 /* WHBDrawCircleView.m */; };
/* End PBXBuildFile section */

/* Begin PBXFileReference section */
		18417DA51E836E7A003682C9 /* WHBDrawCircle.app */ = {isa = PBXFileReference; explicitFileType = wrapper.application; includeInIndex = 0; path = WHBDrawCircle.app; sourceTree = BUILT_PRODUCTS_DIR; };
		18417DA91E836E7A003682C9 /* main.m */ = {isa = PBXFileReference; lastKnownFileType = sourcecode.c.objc; path = main.m; sourceTree = "<group>"; };
		18417DAB1E836E7A003682C9 /* AppDelegate.h */ = {isa = PBXFileReference; lastKnownFileType = sourcecode.c.h; path = AppDelegate.h; sourceTree = "<group>"; };
		18417DAC1E836E7A003682C9 /* AppDelegate.m */ = {isa = PBXFileReference; lastKnownFileType = sourcecode.c.objc; path = AppDelegate.m; sourceTree = "<group>"; };
		18417DAE1E836E7A003682C9 /* ViewController.h */ = {isa = PBXFileReference; lastKnownFileType = sourcecode.c.h; path = ViewController.h; sourceTree = "<group>"; };
		18417DAF1E836E7A003682C9 /* ViewController.m */ = {isa = PBXFileReference; lastKnownFileType = sourcecode.c.objc; path = ViewController.m; sourceTree = "<group>"; };
		18417DB21E836E7A003682C9 /* Base */ = {isa = PBXFileReference; lastKnownFileType = file.storyboard; name = Base; path = Base.lproj/Main.storyboard; sourceTree = "<group>"; };
		18417DB41E836E7A003682C9 /* Assets.xcassets */ = {isa = PBXFileReference; lastKnownFileType = folder.assetcatalog; path = Assets.xcassets; sourceTree = "<group>"; };
		18417DB71E836E7A003682C9 /* Base */ = {isa = PBXFileReference; lastKnownFileType = file.storyboard; name = Base; path = Base.lproj/LaunchScreen.storyboard; sourceTree = "<group>"; };
		18417DB91E836E7A003682C9 /* Info.plist */ = {isa = PBXFileReference; lastKnownFileType = text.plist.xml; path = Info.plist; sourceTree = "<group>"; };
		18417DBF1E836E9E003682C9 /* WHBDrawCircleView.h */ = {isa = PBXFileReference; fileEncoding = 4; lastKnownFileType = sourcecode.c.h; path = WHBDrawCircleView.h; sourceTree = "<group>"; };
		18417DC01E836E9E003682C9 /* WHBDrawCircleView.m */ = {isa = PBXFileReference; fileEncoding = 4; lastKnownFileType = sourcecode.c.objc; path = WHBDrawCircleView.m; sourceTree = "<group>"; };
/* End PBXFileReference section */

/* Begin PBXFrameworksBuildPhase section */
		18417DA21E836E7A003682C9 /* Frameworks */ = {
			isa = PBXFrameworksBuildPhase;
			buildActionMask = 2147483647;
			files = (
			);
			runOnlyForDeploymentPostprocessing = 0;
		};
/* End PBXFrameworksBuildPhase section */

/* Begin PBXGroup section */
		18417D9C1E836E7A003682C9 = {
			isa = PBXGroup;
			children = (
				18417DA71E836E7A003682C9 /* WHBDrawCircle */,
				18417DA61E836E7A003682C9 /* Products */,
			);
			sourceTree = "<group>";
		};
		18417DA61E836E7A003682C9 /* Products */ = {
			isa = PBXGroup;
			children = (
				18417DA51E836E7A003682C9 /* WHBDrawCircle.app */,
			);
			name = Products;
			sourceTree = "<group>";
		};
		18417DA71E836E7A003682C9 /* WHBDrawCircle */ = {
			isa = PBXGroup;
			children = (
				18417DAB1E836E7A003682C9 /* AppDelegate.h */,
				18417DAC1E836E7A003682C9 /* AppDelegate.m */,
				18417DAE1E836E7A003682C9 /* ViewController.h */,
				18417DAF1E836E7A003682C9 /* ViewController.m */,
				18417DBF1E836E9E003682C9 /* WHBDrawCircleView.h */,
				18417DC01E836E9E003682C9 /* WHBDrawCircleView.m */,
				18417DB11E836E7A003682C9 /* Main.storyboard */,
				18417DB41E836E7A003682C9 /* Assets.xcassets */,
				18417DB61E836E7A003682C9 /* LaunchScreen.storyboard */,
				18417DB91E836E7A003682C9 /* Info.plist */,
				18417DA81E836E7A003682C9 /* Supporting Files */,
			);
			path = WHBDrawCircle;
			sourceTree = "<group>";
		};
		18417DA81E836E7A003682C9 /* Supporting Files */ = {
			isa = PBXGroup;
			children = (
				18417DA91E836E7A003682C9 /* main.m */,
			);
			name = "Supporting Files";
			sourceTree = "<group>";
		};
/* End PBXGroup section */

/* Begin PBXNativeTarget section */
		18417DA41E836E7A003682C9 /* WHBDrawCircle */ = {
			isa = PBXNativeTarget;
			buildConfigurationList = 18417DBC1E836E7A003682C9 /* Build configuration list for PBXNativeTarget "WHBDrawCircle" */;
			buildPhases = (
				18417DA11E836E7A003682C9 /* Sources */,
				18417DA21E836E7A003682C9 /* Frameworks */,
				18417DA31E836E7A003682C9 /* Resources */,
			);
			buildRules = (
			);
			dependencies = (
			);
			name = WHBDrawCircle;
			productName = WHBDrawCircle;
			productReference = 18417DA51E836E7A003682C9 /* WHBDrawCircle.app */;
			productType = "com.apple.product-type.application";
		};
/* End PBXNativeTarget section */

/* Begin PBXProject section */
		18417D9D1E836E7A003682C9 /* Project object */ = {
			isa = PBXProject;
			attributes = {
				LastUpgradeCheck = 0810;
				ORGANIZATIONNAME = apple;
				TargetAttributes = {
					18417DA41E836E7A003682C9 = {
						CreatedOnToolsVersion = 8.1;
						ProvisioningStyle = Automatic;
					};
				};
			};
			buildConfigurationList = 18417DA01E836E7A003682C9 /* Build configuration list for PBXProject "WHBDrawCircle" */;
			compatibilityVersion = "Xcode 3.2";
			developmentRegion = English;
			hasScannedForEncodings = 0;
			knownRegions = (
				en,
				Base,
			);
			mainGroup = 18417D9C1E836E7A003682C9;
			productRefGroup = 18417DA61E836E7A003682C9 /* Products */;
			projectDirPath = "";
			projectRoot = "";
			targets = (
				18417DA41E836E7A003682C9 /* WHBDrawCircle */,
			);
		};
/* End PBXProject section */

/* Begin PBXResourcesBuildPhase section */
		18417DA31E836E7A003682C9 /* Resources */ = {
			isa = PBXResourcesBuildPhase;
			buildActionMask = 2147483647;
			files = (
				18417DB81E836E7A003682C9 /* LaunchScreen.storyboard in Resources */,
				18417DB51E836E7A003682C9 /* Assets.xcassets in Resources */,
				18417DB31E836E7A003682C9 /* Main.storyboard in Resources */,
			);
			runOnlyForDeploymentPostprocessing = 0;
		};
/* End PBXResourcesBuildPhase section */

/* Begin PBXSourcesBuildPhase section */
		18417DA11E836E7A003682C9 /* Sources */ = {
			isa = PBXSourcesBuildPhase;
			buildActionMask = 2147483647;
			files = (
				18417DB01E836E7A003682C9 /* ViewController.m in Sources */,
				18417DAD1E836E7A003682C9 /* AppDelegate.m in Sources */,
				18417DC11E836E9E003682C9 /* WHBDrawCircleView.m in Sources */,
				18417DAA1E836E7A003682C9 /* main.m in Sources */,
			);
			runOnlyForDeploymentPostprocessing = 0;
		};
/* End PBXSourcesBuildPhase section */

/* Begin PBXVariantGroup section */
		18417DB11E836E7A003682C9 /* Main.storyboard */ = {
			isa = PBXVariantGroup;
			children = (
				18417DB21E836E7A003682C9 /* Base */,
			);
			name = Main.storyboard;
			sourceTree = "<group>";
		};
		18417DB61E836E7A003682C9 /* LaunchScreen.storyboard */ = {
			isa = PBXVariantGroup;
			children = (
				18417DB71E836E7A003682C9 /* Base */,
			);
			name = LaunchScreen.storyboard;
			sourceTree = "<group>";
		};
/* End PBXVariantGroup section */

/* Begin XCBuildConfiguration section */
		18417DBA1E836E7A003682C9 /* Debug */ = {
			isa = XCBuildConfiguration;
			buildSettings = {
				ALWAYS_SEARCH_USER_PATHS = NO;
				CLANG_ANALYZER_NONNULL = YES;
				CLANG_CXX_LANGUAGE_STANDARD = "gnu++0x";
				CLANG_CXX_LIBRARY = "libc++";
				CLANG_ENABLE_MODULES = YES;
				CLANG_ENABLE_OBJC_ARC = YES;
				CLANG_WARN_BOOL_CONVERSION = YES;
				CLANG_WARN_CONSTANT_CONVERSION = YES;
				CLANG_WARN_DIRECT_OBJC_ISA_USAGE = YES_ERROR;
				CLANG_WARN_DOCUMENTATION_COMMENTS = YES;
				CLANG_WARN_EMPTY_BODY = YES;
				CLANG_WARN_ENUM_CONVERSION = YES;
				CLANG_WARN_INFINITE_RECURSION = YES;
				CLANG_WARN_INT_CONVERSION = YES;
				CLANG_WARN_OBJC_ROOT_CLASS = YES_ERROR;
				CLANG_WARN_SUSPICIOUS_MOVES = YES;
				CLANG_WARN_UNREACHABLE_CODE = YES;
				CLANG_WARN__DUPLICATE_METHOD_MATCH = YES;
				"CODE_SIGN_IDENTITY[sdk=iphoneos*]" = "iPhone Developer";
				COPY_PHASE_STRIP = NO;
				DEBUG_INFORMATION_FORMAT = dwarf;
				ENABLE_STRICT_OBJC_MSGSEND = YES;
				ENABLE_TESTABILITY = YES;
				GCC_C_LANGUAGE_STANDARD = gnu99;
				GCC_DYNAMIC_NO_PIC = NO;
				GCC_NO_COMMON_BLOCKS = YES;
				GCC_OPTIMIZATION_LEVEL = 0;
				GCC_PREPROCESSOR_DEFINITIONS = (
					"DEBUG=1",
					"$(inherited)",
				);
				GCC_WARN_64_TO_32_BIT_CONVERSION = YES;
				GCC_WARN_ABOUT_RETURN_TYPE = YES_ERROR;
				GCC_WARN_UNDECLARED_SELECTOR = YES;
				GCC_WARN_UNINITIALIZED_AUTOS = YES_AGGRESSIVE;
				GCC_WARN_UNUSED_FUNCTION = YES;
				GCC_WARN_UNUSED_VARIABLE = YES;
				IPHONEOS_DEPLOYMENT_TARGET = 10.1;
				MTL_ENABLE_DEBUG_INFO = YES;
				ONLY_ACTIVE_ARCH = YES;
				SDKROOT = iphoneos;
				TARGETED_DEVICE_FAMILY = "1,2";
			};
			name = Debug;
		};
		18417DBB1E836E7A003682C9 /* Release */ = {
			isa = XCBuildConfiguration;
			buildSettings = {
				ALWAYS_SEARCH_USER_PATHS = NO;
				CLANG_ANALYZER_NONNULL = YES;
				CLANG_CXX_LANGUAGE_STANDARD = "gnu++0x";
				CLANG_CXX_LIBRARY = "libc++";
				CLANG_ENABLE_MODULES = YES;
				CLANG_ENABLE_OBJC_ARC = YES;
				CLANG_WARN_BOOL_CONVERSION = YES;
				CLANG_WARN_CONSTANT_CONVERSION = YES;
				CLANG_WARN_DIRECT_OBJC_ISA_USAGE = YES_ERROR;
				CLANG_WARN_DOCUMENTATION_COMMENTS = YES;
				CLANG_WARN_EMPTY_BODY = YES;
				CLANG_WARN_ENUM_CONVERSION = YES;
				CLANG_WARN_INFINITE_RECURSION = YES;
				CLANG_WARN_INT_CONVERSION = YES;
				CLANG_WARN_OBJC_ROOT_CLASS = YES_ERROR;
				CLANG_WARN_SUSPICIOUS_MOVES = YES;
				CLANG_WARN_UNREACHABLE_CODE = YES;
				CLANG_WARN__DUPLICATE_METHOD_MATCH = YES;
				"CODE_SIGN_IDENTITY[sdk=iphoneos*]" = "iPhone Developer";
				COPY_PHASE_STRIP = NO;
				DEBUG_INFORMATION_FORMAT = "dwarf-with-dsym";
				ENABLE_NS_ASSERTIONS = NO;
				ENABLE_STRICT_OBJC_MSGSEND = YES;
				GCC_C_LANGUAGE_STANDARD = gnu99;
				GCC_NO_COMMON_BLOCKS = YES;
				GCC_WARN_64_TO_32_BIT_CONVERSION = YES;
				GCC_WARN_ABOUT_RETURN_TYPE = YES_ERROR;
				GCC_WARN_UNDECLARED_SELECTOR = YES;
				GCC_WARN_UNINITIALIZED_AUTOS = YES_AGGRESSIVE;
				GCC_WARN_UNUSED_FUNCTION = YES;
				GCC_WARN_UNUSED_VARIABLE = YES;
				IPHONEOS_DEPLOYMENT_TARGET = 10.1;
				MTL_ENABLE_DEBUG_INFO = NO;
				SDKROOT = iphoneos;
				TARGETED_DEVICE_FAMILY = "1,2";
				VALIDATE_PRODUCT = YES;
			};
			name = Release;
		};
		18417DBD1E836E7A003682C9 /* Debug */ = {
			isa = XCBuildConfiguration;
			buildSettings = {
				ASSETCATALOG_COMPILER_APPICON_NAME = AppIcon;
				INFOPLIST_FILE = WHBDrawCircle/Info.plist;
				LD_RUNPATH_SEARCH_PATHS = "$(inherited) @executable_path/Frameworks";
				PRODUCT_BUNDLE_IDENTIFIER = cn.itcast.WHBDrawCircle;
				PRODUCT_NAME = "$(TARGET_NAME)";
			};
			name = Debug;
		};
		18417DBE1E836E7A003682C9 /* Release */ = {
			isa = XCBuildConfiguration;
			buildSettings = {
				ASSETCATALOG_COMPILER_APPICON_NAME = AppIcon;
				INFOPLIST_FILE = WHBDrawCircle/Info.plist;
				LD_RUNPATH_SEARCH_PATHS = "$(inherited) @executable_path/Frameworks";
				PRODUCT_BUNDLE_IDENTIFIER = cn.itcast.WHBDrawCircle;
				PRODUCT_NAME = "$(TARGET_NAME)";
			};
			name = Release;
		};
/* End XCBuildConfiguration section */

/* Begin XCConfigurationList section */
		18417DA01E836E7A003682C9 /* Build configuration list for PBXProject "WHBDrawCircle" */ = {
			isa = XCConfigurationList;
			buildConfigurations = (
				18417DBA1E836E7A003682C9 /* Debug */,
				18417DBB1E836E7A003682C9 /* Release */,
			);
			defaultConfigurationIsVisible = 0;
			defaultConfigurationName = Release;
		};
		18417DBC1E836E7A003682C9 /* Build configuration list for PBXNativeTarget "WHBDrawCircle" */ = {
			isa = XCConfigurationList;
			buildConfigurations = (
				18417DBD1E836E7A003682C9 /* Debug */,
				18417DBE1E836E7A003682C9 /* Release */,
			);
			defaultConfigurationIsVisible = 0;
		};
/* End XCConfigurationList section */
	};
	rootObject = 18417D9D1E836E7A003682C9 /* Project object */;
}
